
Microsoft Visual Studio Solution File, Format Version 12.00
# Visual Studio Version 17
VisualStudioVersion = 17.5.33530.505
MinimumVisualStudioVersion = 10.0.40219.1
Project("{FAE04EC0-301F-11D3-BF4B-00C04F79EFBC}") = "LibrarySystem", "LibrarySystem\LibrarySystem.csproj", "{CCDF9D97-8523-4F8A-8E7B-F022C90EE62A}"
EndProject
Global
	GlobalSection(SolutionConfigurationPlatforms) = preSolution
		Debug|Any CPU = Debug|Any CPU
		Release|Any CPU = Release|Any CPU
	EndGlobalSection
	GlobalSection(ProjectConfigurationPlatforms) = postSolution
		{CCDF9D97-8523-4F8A-8E7B-F022C90EE62A}.Debug|Any CPU.ActiveCfg = Debug|Any CPU
		{CCDF9D97-8523-4F8A-8E7B-F022C90EE62A}.Debug|Any CPU.Build.0 = Debug|Any CPU
		{CCDF9D97-8523-4F8A-8E7B-F022C90EE62A}.Release|Any CPU.ActiveCfg = Release|Any CPU
		{CCDF9D97-8523-4F8A-8E7B-F022C90EE62A}.Release|Any CPU.Build.0 = Release|Any CPU
	EndGlobalSection
	GlobalSection(SolutionProperties) = preSolution
		HideSolutionNode = FALSE
	EndGlobalSection
	GlobalSection(ExtensibilityGlobals) = postSolution
		SolutionGuid = {6DE21B73-D599-4CC8-8F48-25CEAD5790D0}
	EndGlobalSection
EndGlobal
